{
  "name": "example",
  "version": "1.0.0",
  "lockfileVersion": 2,
  "requires": true,
  "packages": {
    "": {
      "name": "example",
      "version": "1.0.0",
      "license": "ISC",
      "dependencies": {
        "dotenv": "^16.0.3",
        "notion-plus": "file:.."
      }
    },
    "..": {
      "name": "notion-plus",
      "version": "0.1.5",
      "license": "ISC",
      "dependencies": {
        "@notionhq/client": "^2.2.3"
      },
      "devDependencies": {
        "@typescript-eslint/eslint-plugin": "^5.51.0",
        "dotenv": "^16.0.3",
        "eslint": "^8.33.0",
        "eslint-config-prettier": "^8.6.0",
        "eslint-config-standard": "^17.0.0",
        "eslint-plugin-prettier": "^4.2.1",
        "nodemon": "^2.0.20",
        "prettier": "^2.8.4",
        "ts-node": "^10.9.1",
        "typescript": "^4.9.5"
      }
    },
    "node_modules/dotenv": {
      "version": "16.0.3",
      "resolved": "https://registry.npmjs.org/dotenv/-/dotenv-16.0.3.tgz",
      "integrity": "sha512-7GO6HghkA5fYG9TYnNxi14/7K9f5occMlp3zXAuSxn7CKCxt9xbNWG7yF8hTCSUchlfWSe3uLmlPfigevRItzQ==",
      "engines": {
        "node": ">=12"
      }
    },
    "node_modules/notion-plus": {
      "resolved": "..",
      "link": true
    }
  },
  "dependencies": {
    "dotenv": {
      "version": "16.0.3",
      "resolved": "https://registry.npmjs.org/dotenv/-/dotenv-16.0.3.tgz",
      "integrity": "sha512-7GO6HghkA5fYG9TYnNxi14/7K9f5occMlp3zXAuSxn7CKCxt9xbNWG7yF8hTCSUchlfWSe3uLmlPfigevRItzQ=="
    },
    "notion-plus": {
      "version": "file:..",
      "requires": {
        "@notionhq/client": "^2.2.3",
        "@typescript-eslint/eslint-plugin": "^5.51.0",
        "dotenv": "^16.0.3",
        "eslint": "^8.33.0",
        "eslint-config-prettier": "^8.6.0",
        "eslint-config-standard": "^17.0.0",
        "eslint-plugin-prettier": "^4.2.1",
        "nodemon": "^2.0.20",
        "prettier": "^2.8.4",
        "ts-node": "^10.9.1",
        "typescript": "^4.9.5"
      }
    }
  }
}
